// !$*UTF8*$!
{
	archiveVersion = 1;
	classes = {
	};
	objectVersion = 56;
	objects = {

/* Begin PBXBuildFile section */
		133AEA05291A4E3E00DEB0B6 /* AppDelegate.swift in Sources */ = {isa = PBXBuildFile; fileRef = 133AEA04291A4E3E00DEB0B6 /* AppDelegate.swift */; };
		133AEA07291A4E3E00DEB0B6 /* SceneDelegate.swift in Sources */ = {isa = PBXBuildFile; fileRef = 133AEA06291A4E3E00DEB0B6 /* SceneDelegate.swift */; };
		133AEA09291A4E3E00DEB0B6 /* ViewController.swift in Sources */ = {isa = PBXBuildFile; fileRef = 133AEA08291A4E3E00DEB0B6 /* ViewController.swift */; };
		133AEA0C291A4E3E00DEB0B6 /* Main.storyboard in Resources */ = {isa = PBXBuildFile; fileRef = 133AEA0A291A4E3E00DEB0B6 /* Main.storyboard */; };
		133AEA0E291A4E3E00DEB0B6 /* Assets.xcassets in Resources */ = {isa = PBXBuildFile; fileRef = 133AEA0D291A4E3E00DEB0B6 /* Assets.xcassets */; };
		133AEA11291A4E3E00DEB0B6 /* LaunchScreen.storyboard in Resources */ = {isa = PBXBuildFile; fileRef = 133AEA0F291A4E3E00DEB0B6 /* LaunchScreen.storyboard */; };
/* End PBXBuildFile section */

/* Begin PBXFileReference section */
		133AEA01291A4E3E00DEB0B6 /* Daejeon_Toilet_Seogu.app */ = {isa = PBXFileReference; explicitFileType = wrapper.application; includeInIndex = 0; path = Daejeon_Toilet_Seogu.app; sourceTree = BUILT_PRODUCTS_DIR; };
		133AEA04291A4E3E00DEB0B6 /* AppDelegate.swift */ = {isa = PBXFileReference; lastKnownFileType = sourcecode.swift; path = AppDelegate.swift; sourceTree = "<group>"; };
		133AEA06291A4E3E00DEB0B6 /* SceneDelegate.swift */ = {isa = PBXFileReference; lastKnownFileType = sourcecode.swift; path = SceneDelegate.swift; sourceTree = "<group>"; };
		133AEA08291A4E3E00DEB0B6 /* ViewController.swift */ = {isa = PBXFileReference; lastKnownFileType = sourcecode.swift; path = ViewController.swift; sourceTree = "<group>"; };
		133AEA0B291A4E3E00DEB0B6 /* Base */ = {isa = PBXFileReference; lastKnownFileType = file.storyboard; name = Base; path = Base.lproj/Main.storyboard; sourceTree = "<group>"; };
		133AEA0D291A4E3E00DEB0B6 /* Assets.xcassets */ = {isa = PBXFileReference; lastKnownFileType = folder.assetcatalog; path = Assets.xcassets; sourceTree = "<group>"; };
		133AEA10291A4E3E00DEB0B6 /* Base */ = {isa = PBXFileReference; lastKnownFileType = file.storyboard; name = Base; path = Base.lproj/LaunchScreen.storyboard; sourceTree = "<group>"; };
		133AEA12291A4E3E00DEB0B6 /* Info.plist */ = {isa = PBXFileReference; lastKnownFileType = text.plist.xml; path = Info.plist; sourceTree = "<group>"; };
/* End PBXFileReference section */

/* Begin PBXFrameworksBuildPhase section */
		133AE9FE291A4E3D00DEB0B6 /* Frameworks */ = {
			isa = PBXFrameworksBuildPhase;
			buildActionMask = 2147483647;
			files = (
			);
			runOnlyForDeploymentPostprocessing = 0;
		};
/* End PBXFrameworksBuildPhase section */

/* Begin PBXGroup section */
		133AE9F8291A4E3D00DEB0B6 = {
			isa = PBXGroup;
			children = (
				133AEA03291A4E3E00DEB0B6 /* Daejeon_Toilet_Seogu */,
				133AEA02291A4E3E00DEB0B6 /* Products */,
			);
			sourceTree = "<group>";
		};
		133AEA02291A4E3E00DEB0B6 /* Products */ = {
			isa = PBXGroup;
			children = (
				133AEA01291A4E3E00DEB0B6 /* Daejeon_Toilet_Seogu.app */,
			);
			name = Products;
			sourceTree = "<group>";
		};
		133AEA03291A4E3E00DEB0B6 /* Daejeon_Toilet_Seogu */ = {
			isa = PBXGroup;
			children = (
				133AEA04291A4E3E00DEB0B6 /* AppDelegate.swift */,
				133AEA06291A4E3E00DEB0B6 /* SceneDelegate.swift */,
				133AEA08291A4E3E00DEB0B6 /* ViewController.swift */,
				133AEA0A291A4E3E00DEB0B6 /* Main.storyboard */,
				133AEA0D291A4E3E00DEB0B6 /* Assets.xcassets */,
				133AEA0F291A4E3E00DEB0B6 /* LaunchScreen.storyboard */,
				133AEA12291A4E3E00DEB0B6 /* Info.plist */,
			);
			path = Daejeon_Toilet_Seogu;
			sourceTree = "<group>";
		};
/* End PBXGroup section */

/* Begin PBXNativeTarget section */
		133AEA00291A4E3D00DEB0B6 /* Daejeon_Toilet_Seogu */ = {
			isa = PBXNativeTarget;
			buildConfigurationList = 133AEA15291A4E3E00DEB0B6 /* Build configuration list for PBXNativeTarget "Daejeon_Toilet_Seogu" */;
			buildPhases = (
				133AE9FD291A4E3D00DEB0B6 /* Sources */,
				133AE9FE291A4E3D00DEB0B6 /* Frameworks */,
				133AE9FF291A4E3D00DEB0B6 /* Resources */,
			);
			buildRules = (
			);
			dependencies = (
			);
			name = Daejeon_Toilet_Seogu;
			productName = Daejeon_Toilet_Seogu;
			productReference = 133AEA01291A4E3E00DEB0B6 /* Daejeon_Toilet_Seogu.app */;
			productType = "com.apple.product-type.application";
		};
/* End PBXNativeTarget section */

/* Begin PBXProject section */
		133AE9F9291A4E3D00DEB0B6 /* Project object */ = {
			isa = PBXProject;
			attributes = {
				BuildIndependentTargetsInParallel = 1;
				LastSwiftUpdateCheck = 1410;
				LastUpgradeCheck = 1410;
				TargetAttributes = {
					133AEA00291A4E3D00DEB0B6 = {
						CreatedOnToolsVersion = 14.1;
					};
				};
			};
			buildConfigurationList = 133AE9FC291A4E3D00DEB0B6 /* Build configuration list for PBXProject "Daejeon_Toilet_Seogu" */;
			compatibilityVersion = "Xcode 14.0";
			developmentRegion = en;
			hasScannedForEncodings = 0;
			knownRegions = (
				en,
				Base,
			);
			mainGroup = 133AE9F8291A4E3D00DEB0B6;
			productRefGroup = 133AEA02291A4E3E00DEB0B6 /* Products */;
			projectDirPath = "";
			projectRoot = "";
			targets = (
				133AEA00291A4E3D00DEB0B6 /* Daejeon_Toilet_Seogu */,
			);
		};
/* End PBXProject section */

/* Begin PBXResourcesBuildPhase section */
		133AE9FF291A4E3D00DEB0B6 /* Resources */ = {
			isa = PBXResourcesBuildPhase;
			buildActionMask = 2147483647;
			files = (
				133AEA11291A4E3E00DEB0B6 /* LaunchScreen.storyboard in Resources */,
				133AEA0E291A4E3E00DEB0B6 /* Assets.xcassets in Resources */,
				133AEA0C291A4E3E00DEB0B6 /* Main.storyboard in Resources */,
			);
			runOnlyForDeploymentPostprocessing = 0;
		};
/* End PBXResourcesBuildPhase section */

/* Begin PBXSourcesBuildPhase section */
		133AE9FD291A4E3D00DEB0B6 /* Sources */ = {
			isa = PBXSourcesBuildPhase;
			buildActionMask = 2147483647;
			files = (
				133AEA09291A4E3E00DEB0B6 /* ViewController.swift in Sources */,
				133AEA05291A4E3E00DEB0B6 /* AppDelegate.swift in Sources */,
				133AEA07291A4E3E00DEB0B6 /* SceneDelegate.swift in Sources */,
			);
			runOnlyForDeploymentPostprocessing = 0;
		};
/* End PBXSourcesBuildPhase section */

/* Begin PBXVariantGroup section */
		133AEA0A291A4E3E00DEB0B6 /* Main.storyboard */ = {
			isa = PBXVariantGroup;
			children = (
				133AEA0B291A4E3E00DEB0B6 /* Base */,
			);
			name = Main.storyboard;
			sourceTree = "<group>";
		};
		133AEA0F291A4E3E00DEB0B6 /* LaunchScreen.storyboard */ = {
			isa = PBXVariantGroup;
			children = (
				133AEA10291A4E3E00DEB0B6 /* Base */,
			);
			name = LaunchScreen.storyboard;
			sourceTree = "<group>";
		};
/* End PBXVariantGroup section */

/* Begin XCBuildConfiguration section */
		133AEA13291A4E3E00DEB0B6 /* Debug */ = {
			isa = XCBuildConfiguration;
			buildSettings = {
				ALWAYS_SEARCH_USER_PATHS = NO;
				CLANG_ANALYZER_NONNULL = YES;
				CLANG_ANALYZER_NUMBER_OBJECT_CONVERSION = YES_AGGRESSIVE;
				CLANG_CXX_LANGUAGE_STANDARD = "gnu++20";
				CLANG_ENABLE_MODULES = YES;
				CLANG_ENABLE_OBJC_ARC = YES;
				CLANG_ENABLE_OBJC_WEAK = YES;
				CLANG_WARN_BLOCK_CAPTURE_AUTORELEASING = YES;
				CLANG_WARN_BOOL_CONVERSION = YES;
				CLANG_WARN_COMMA = YES;
				CLANG_WARN_CONSTANT_CONVERSION = YES;
				CLANG_WARN_DEPRECATED_OBJC_IMPLEMENTATIONS = YES;
				CLANG_WARN_DIRECT_OBJC_ISA_USAGE = YES_ERROR;
				CLANG_WARN_DOCUMENTATION_COMMENTS = YES;
				CLANG_WARN_EMPTY_BODY = YES;
				CLANG_WARN_ENUM_CONVERSION = YES;
				CLANG_WARN_INFINITE_RECURSION = YES;
				CLANG_WARN_INT_CONVERSION = YES;
				CLANG_WARN_NON_LITERAL_NULL_CONVERSION = YES;
				CLANG_WARN_OBJC_IMPLICIT_RETAIN_SELF = YES;
				CLANG_WARN_OBJC_LITERAL_CONVERSION = YES;
				CLANG_WARN_OBJC_ROOT_CLASS = YES_ERROR;
				CLANG_WARN_QUOTED_INCLUDE_IN_FRAMEWORK_HEADER = YES;
				CLANG_WARN_RANGE_LOOP_ANALYSIS = YES;
				CLANG_WARN_STRICT_PROTOTYPES = YES;
				CLANG_WARN_SUSPICIOUS_MOVE = YES;
				CLANG_WARN_UNGUARDED_AVAILABILITY = YES_AGGRESSIVE;
				CLANG_WARN_UNREACHABLE_CODE = YES;
				CLANG_WARN__DUPLICATE_METHOD_MATCH = YES;
				COPY_PHASE_STRIP = NO;
				DEBUG_INFORMATION_FORMAT = dwarf;
				ENABLE_STRICT_OBJC_MSGSEND = YES;
				ENABLE_TESTABILITY = YES;
				GCC_C_LANGUAGE_STANDARD = gnu11;
				GCC_DYNAMIC_NO_PIC = NO;
				GCC_NO_COMMON_BLOCKS = YES;
				GCC_OPTIMIZATION_LEVEL = 0;
				GCC_PREPROCESSOR_DEFINITIONS = (
					"DEBUG=1",
					"$(inherited)",
				);
				GCC_WARN_64_TO_32_BIT_CONVERSION = YES;
				GCC_WARN_ABOUT_RETURN_TYPE = YES_ERROR;
				GCC_WARN_UNDECLARED_SELECTOR = YES;
				GCC_WARN_UNINITIALIZED_AUTOS = YES_AGGRESSIVE;
				GCC_WARN_UNUSED_FUNCTION = YES;
				GCC_WARN_UNUSED_VARIABLE = YES;
				IPHONEOS_DEPLOYMENT_TARGET = 16.1;
				MTL_ENABLE_DEBUG_INFO = INCLUDE_SOURCE;
				MTL_FAST_MATH = YES;
				ONLY_ACTIVE_ARCH = YES;
				SDKROOT = iphoneos;
				SWIFT_ACTIVE_COMPILATION_CONDITIONS = DEBUG;
				SWIFT_OPTIMIZATION_LEVEL = "-Onone";
			};
			name = Debug;
		};
		133AEA14291A4E3E00DEB0B6 /* Release */ = {
			isa = XCBuildConfiguration;
			buildSettings = {
				ALWAYS_SEARCH_USER_PATHS = NO;
				CLANG_ANALYZER_NONNULL = YES;
				CLANG_ANALYZER_NUMBER_OBJECT_CONVERSION = YES_AGGRESSIVE;
				CLANG_CXX_LANGUAGE_STANDARD = "gnu++20";
				CLANG_ENABLE_MODULES = YES;
				CLANG_ENABLE_OBJC_ARC = YES;
				CLANG_ENABLE_OBJC_WEAK = YES;
				CLANG_WARN_BLOCK_CAPTURE_AUTORELEASING = YES;
				CLANG_WARN_BOOL_CONVERSION = YES;
				CLANG_WARN_COMMA = YES;
				CLANG_WARN_CONSTANT_CONVERSION = YES;
				CLANG_WARN_DEPRECATED_OBJC_IMPLEMENTATIONS = YES;
				CLANG_WARN_DIRECT_OBJC_ISA_USAGE = YES_ERROR;
				CLANG_WARN_DOCUMENTATION_COMMENTS = YES;
				CLANG_WARN_EMPTY_BODY = YES;
				CLANG_WARN_ENUM_CONVERSION = YES;
				CLANG_WARN_INFINITE_RECURSION = YES;
				CLANG_WARN_INT_CONVERSION = YES;
				CLANG_WARN_NON_LITERAL_NULL_CONVERSION = YES;
				CLANG_WARN_OBJC_IMPLICIT_RETAIN_SELF = YES;
				CLANG_WARN_OBJC_LITERAL_CONVERSION = YES;
				CLANG_WARN_OBJC_ROOT_CLASS = YES_ERROR;
				CLANG_WARN_QUOTED_INCLUDE_IN_FRAMEWORK_HEADER = YES;
				CLANG_WARN_RANGE_LOOP_ANALYSIS = YES;
				CLANG_WARN_STRICT_PROTOTYPES = YES;
				CLANG_WARN_SUSPICIOUS_MOVE = YES;
				CLANG_WARN_UNGUARDED_AVAILABILITY = YES_AGGRESSIVE;
				CLANG_WARN_UNREACHABLE_CODE = YES;
				CLANG_WARN__DUPLICATE_METHOD_MATCH = YES;
				COPY_PHASE_STRIP = NO;
				DEBUG_INFORMATION_FORMAT = "dwarf-with-dsym";
				ENABLE_NS_ASSERTIONS = NO;
				ENABLE_STRICT_OBJC_MSGSEND = YES;
				GCC_C_LANGUAGE_STANDARD = gnu11;
				GCC_NO_COMMON_BLOCKS = YES;
				GCC_WARN_64_TO_32_BIT_CONVERSION = YES;
				GCC_WARN_ABOUT_RETURN_TYPE = YES_ERROR;
				GCC_WARN_UNDECLARED_SELECTOR = YES;
				GCC_WARN_UNINITIALIZED_AUTOS = YES_AGGRESSIVE;
				GCC_WARN_UNUSED_FUNCTION = YES;
				GCC_WARN_UNUSED_VARIABLE = YES;
				IPHONEOS_DEPLOYMENT_TARGET = 16.1;
				MTL_ENABLE_DEBUG_INFO = NO;
				MTL_FAST_MATH = YES;
				SDKROOT = iphoneos;
				SWIFT_COMPILATION_MODE = wholemodule;
				SWIFT_OPTIMIZATION_LEVEL = "-O";
				VALIDATE_PRODUCT = YES;
			};
			name = Release;
		};
		133AEA16291A4E3E00DEB0B6 /* Debug */ = {
			isa = XCBuildConfiguration;
			buildSettings = {
				ASSETCATALOG_COMPILER_APPICON_NAME = AppIcon;
				ASSETCATALOG_COMPILER_GLOBAL_ACCENT_COLOR_NAME = AccentColor;
				CODE_SIGN_STYLE = Automatic;
				CURRENT_PROJECT_VERSION = 1;
				DEVELOPMENT_TEAM = BQ58AA4Y3Y;
				GENERATE_INFOPLIST_FILE = YES;
				INFOPLIST_FILE = Daejeon_Toilet_Seogu/Info.plist;
				INFOPLIST_KEY_UIApplicationSupportsIndirectInputEvents = YES;
				INFOPLIST_KEY_UILaunchStoryboardName = LaunchScreen;
				INFOPLIST_KEY_UIMainStoryboardFile = Main;
				INFOPLIST_KEY_UISupportedInterfaceOrientations_iPad = "UIInterfaceOrientationPortrait UIInterfaceOrientationPortraitUpsideDown UIInterfaceOrientationLandscapeLeft UIInterfaceOrientationLandscapeRight";
				INFOPLIST_KEY_UISupportedInterfaceOrientations_iPhone = "UIInterfaceOrientationPortrait UIInterfaceOrientationLandscapeLeft UIInterfaceOrientationLandscapeRight";
				LD_RUNPATH_SEARCH_PATHS = (
					"$(inherited)",
					"@executable_path/Frameworks",
				);
				MARKETING_VERSION = 1.0;
				PRODUCT_BUNDLE_IDENTIFIER = "com.Daejeon-Toilet-Seogu";
				PRODUCT_NAME = "$(TARGET_NAME)";
				SWIFT_EMIT_LOC_STRINGS = YES;
				SWIFT_VERSION = 5.0;
				TARGETED_DEVICE_FAMILY = "1,2";
			};
			name = Debug;
		};
		133AEA17291A4E3E00DEB0B6 /* Release */ = {
			isa = XCBuildConfiguration;
			buildSettings = {
				ASSETCATALOG_COMPILER_APPICON_NAME = AppIcon;
				ASSETCATALOG_COMPILER_GLOBAL_ACCENT_COLOR_NAME = AccentColor;
				CODE_SIGN_STYLE = Automatic;
				CURRENT_PROJECT_VERSION = 1;
				DEVELOPMENT_TEAM = BQ58AA4Y3Y;
				GENERATE_INFOPLIST_FILE = YES;
				INFOPLIST_FILE = Daejeon_Toilet_Seogu/Info.plist;
				INFOPLIST_KEY_UIApplicationSupportsIndirectInputEvents = YES;
				INFOPLIST_KEY_UILaunchStoryboardName = LaunchScreen;
				INFOPLIST_KEY_UIMainStoryboardFile = Main;
				INFOPLIST_KEY_UISupportedInterfaceOrientations_iPad = "UIInterfaceOrientationPortrait UIInterfaceOrientationPortraitUpsideDown UIInterfaceOrientationLandscapeLeft UIInterfaceOrientationLandscapeRight";
				INFOPLIST_KEY_UISupportedInterfaceOrientations_iPhone = "UIInterfaceOrientationPortrait UIInterfaceOrientationLandscapeLeft UIInterfaceOrientationLandscapeRight";
				LD_RUNPATH_SEARCH_PATHS = (
					"$(inherited)",
					"@executable_path/Frameworks",
				);
				MARKETING_VERSION = 1.0;
				PRODUCT_BUNDLE_IDENTIFIER = "com.Daejeon-Toilet-Seogu";
				PRODUCT_NAME = "$(TARGET_NAME)";
				SWIFT_EMIT_LOC_STRINGS = YES;
				SWIFT_VERSION = 5.0;
				TARGETED_DEVICE_FAMILY = "1,2";
			};
			name = Release;
		};
/* End XCBuildConfiguration section */

/* Begin XCConfigurationList section */
		133AE9FC291A4E3D00DEB0B6 /* Build configuration list for PBXProject "Daejeon_Toilet_Seogu" */ = {
			isa = XCConfigurationList;
			buildConfigurations = (
				133AEA13291A4E3E00DEB0B6 /* Debug */,
				133AEA14291A4E3E00DEB0B6 /* Release */,
			);
			defaultConfigurationIsVisible = 0;
			defaultConfigurationName = Release;
		};
		133AEA15291A4E3E00DEB0B6 /* Build configuration list for PBXNativeTarget "Daejeon_Toilet_Seogu" */ = {
			isa = XCConfigurationList;
			buildConfigurations = (
				133AEA16291A4E3E00DEB0B6 /* Debug */,
				133AEA17291A4E3E00DEB0B6 /* Release */,
			);
			defaultConfigurationIsVisible = 0;
			defaultConfigurationName = Release;
		};
/* End XCConfigurationList section */
	};
	rootObject = 133AE9F9291A4E3D00DEB0B6 /* Project object */;
}
